
Microsoft Visual Studio Solution File, Format Version 12.00
# Visual Studio Version 17
VisualStudioVersion = 17.9.34728.123
MinimumVisualStudioVersion = 10.0.40219.1
Project("{FAE04EC0-301F-11D3-BF4B-00C04F79EFBC}") = "krokodille spill", "krokodille spill\krokodille spill.csproj", "{20FF7FEB-F267-4CEC-A629-C9899EDC9560}"
EndProject
Global
	GlobalSection(SolutionConfigurationPlatforms) = preSolution
		Debug|Any CPU = Debug|Any CPU
		Release|Any CPU = Release|Any CPU
	EndGlobalSection
	GlobalSection(ProjectConfigurationPlatforms) = postSolution
		{20FF7FEB-F267-4CEC-A629-C9899EDC9560}.Debug|Any CPU.ActiveCfg = Debug|Any CPU
		{20FF7FEB-F267-4CEC-A629-C9899EDC9560}.Debug|Any CPU.Build.0 = Debug|Any CPU
		{20FF7FEB-F267-4CEC-A629-C9899EDC9560}.Release|Any CPU.ActiveCfg = Release|Any CPU
		{20FF7FEB-F267-4CEC-A629-C9899EDC9560}.Release|Any CPU.Build.0 = Release|Any CPU
	EndGlobalSection
	GlobalSection(SolutionProperties) = preSolution
		HideSolutionNode = FALSE
	EndGlobalSection
	GlobalSection(ExtensibilityGlobals) = postSolution
		SolutionGuid = {FA664F49-5CB0-429A-BDFA-1630C930A303}
	EndGlobalSection
EndGlobal
